
Microsoft Visual Studio Solution File, Format Version 12.00
# Visual Studio Version 16
VisualStudioVersion = 16.0.31624.102
MinimumVisualStudioVersion = 10.0.40219.1
Project("{2150E333-8FDC-42A3-9474-1A3956D46DE8}") = "Src", "Src", "{CA5166C4-D21F-4A05-B41F-EE8AD3188526}"
EndProject
Project("{9A19103F-16F7-4668-BE54-9A1E7A4F7556}") = "Project.Web.API", "Project.Web.API\Project.Web.API.csproj", "{3A423643-9E74-4737-8969-3BB6F6324D9C}"
EndProject
Project("{9A19103F-16F7-4668-BE54-9A1E7A4F7556}") = "Project.Domain", "Project.Domain\Project.Domain.csproj", "{F1C0DD1F-5F15-48F5-8E0D-9900C5FC2970}"
EndProject
Project("{9A19103F-16F7-4668-BE54-9A1E7A4F7556}") = "Project.Infrastructure", "Project.Infrastructure\Project.Infrastructure.csproj", "{C2D32548-0388-4B12-9AD7-CAE69AD18D52}"
EndProject
Project("{FAE04EC0-301F-11D3-BF4B-00C04F79EFBC}") = "Project.Web.App", "Project.Web.App\Project.Web.App.csproj", "{2C0CA99F-8BD8-445F-BF9B-77F4A2494B98}"
EndProject
Global
	GlobalSection(SolutionConfigurationPlatforms) = preSolution
		Debug|Any CPU = Debug|Any CPU
		Release|Any CPU = Release|Any CPU
	EndGlobalSection
	GlobalSection(ProjectConfigurationPlatforms) = postSolution
		{3A423643-9E74-4737-8969-3BB6F6324D9C}.Debug|Any CPU.ActiveCfg = Debug|Any CPU
		{3A423643-9E74-4737-8969-3BB6F6324D9C}.Debug|Any CPU.Build.0 = Debug|Any CPU
		{3A423643-9E74-4737-8969-3BB6F6324D9C}.Release|Any CPU.ActiveCfg = Release|Any CPU
		{3A423643-9E74-4737-8969-3BB6F6324D9C}.Release|Any CPU.Build.0 = Release|Any CPU
		{F1C0DD1F-5F15-48F5-8E0D-9900C5FC2970}.Debug|Any CPU.ActiveCfg = Debug|Any CPU
		{F1C0DD1F-5F15-48F5-8E0D-9900C5FC2970}.Debug|Any CPU.Build.0 = Debug|Any CPU
		{F1C0DD1F-5F15-48F5-8E0D-9900C5FC2970}.Release|Any CPU.ActiveCfg = Release|Any CPU
		{F1C0DD1F-5F15-48F5-8E0D-9900C5FC2970}.Release|Any CPU.Build.0 = Release|Any CPU
		{C2D32548-0388-4B12-9AD7-CAE69AD18D52}.Debug|Any CPU.ActiveCfg = Debug|Any CPU
		{C2D32548-0388-4B12-9AD7-CAE69AD18D52}.Debug|Any CPU.Build.0 = Debug|Any CPU
		{C2D32548-0388-4B12-9AD7-CAE69AD18D52}.Release|Any CPU.ActiveCfg = Release|Any CPU
		{C2D32548-0388-4B12-9AD7-CAE69AD18D52}.Release|Any CPU.Build.0 = Release|Any CPU
		{2C0CA99F-8BD8-445F-BF9B-77F4A2494B98}.Debug|Any CPU.ActiveCfg = Debug|Any CPU
		{2C0CA99F-8BD8-445F-BF9B-77F4A2494B98}.Debug|Any CPU.Build.0 = Debug|Any CPU
		{2C0CA99F-8BD8-445F-BF9B-77F4A2494B98}.Release|Any CPU.ActiveCfg = Release|Any CPU
		{2C0CA99F-8BD8-445F-BF9B-77F4A2494B98}.Release|Any CPU.Build.0 = Release|Any CPU
	EndGlobalSection
	GlobalSection(SolutionProperties) = preSolution
		HideSolutionNode = FALSE
	EndGlobalSection
	GlobalSection(NestedProjects) = preSolution
		{3A423643-9E74-4737-8969-3BB6F6324D9C} = {CA5166C4-D21F-4A05-B41F-EE8AD3188526}
		{F1C0DD1F-5F15-48F5-8E0D-9900C5FC2970} = {CA5166C4-D21F-4A05-B41F-EE8AD3188526}
		{C2D32548-0388-4B12-9AD7-CAE69AD18D52} = {CA5166C4-D21F-4A05-B41F-EE8AD3188526}
		{2C0CA99F-8BD8-445F-BF9B-77F4A2494B98} = {CA5166C4-D21F-4A05-B41F-EE8AD3188526}
	EndGlobalSection
	GlobalSection(ExtensibilityGlobals) = postSolution
		SolutionGuid = {294517C1-59D3-4FCF-A2DA-E4DCB15E4AB6}
	EndGlobalSection
EndGlobal
